
Microsoft Visual Studio Solution File, Format Version 12.00
# Visual Studio Version 16
VisualStudioVersion = 16.0.31019.35
MinimumVisualStudioVersion = 10.0.40219.1
Project("{FAE04EC0-301F-11D3-BF4B-00C04F79EFBC}") = "Alpha-blog", "Alpha-blog.csproj", "{672531DD-1199-4E6D-A9F7-60715B23FC8D}"
EndProject
Global
	GlobalSection(SolutionConfigurationPlatforms) = preSolution
		Debug|Any CPU = Debug|Any CPU
		Release|Any CPU = Release|Any CPU
	EndGlobalSection
	GlobalSection(ProjectConfigurationPlatforms) = postSolution
		{672531DD-1199-4E6D-A9F7-60715B23FC8D}.Debug|Any CPU.ActiveCfg = Debug|Any CPU
		{672531DD-1199-4E6D-A9F7-60715B23FC8D}.Debug|Any CPU.Build.0 = Debug|Any CPU
		{672531DD-1199-4E6D-A9F7-60715B23FC8D}.Release|Any CPU.ActiveCfg = Release|Any CPU
		{672531DD-1199-4E6D-A9F7-60715B23FC8D}.Release|Any CPU.Build.0 = Release|Any CPU
	EndGlobalSection
	GlobalSection(SolutionProperties) = preSolution
		HideSolutionNode = FALSE
	EndGlobalSection
	GlobalSection(ExtensibilityGlobals) = postSolution
		SolutionGuid = {7D0089CB-9E4B-43A6-87C2-CA89928A513F}
	EndGlobalSection
EndGlobal
